
Microsoft Visual Studio Solution File, Format Version 12.00
# Visual Studio 15
VisualStudioVersion = 15.0.27703.2000
MinimumVisualStudioVersion = 10.0.40219.1
Project("{FAE04EC0-301F-11D3-BF4B-00C04F79EFBC}") = "AspNetCore.ActionDependencyInjection.Sample", "AspNetCore.ActionDependencyInjection.Sample\AspNetCore.ActionDependencyInjection.Sample.csproj", "{C5EB9E51-4565-4C98-8B51-524612C7B039}"
EndProject
Global
	GlobalSection(SolutionConfigurationPlatforms) = preSolution
		Debug|Any CPU = Debug|Any CPU
		Release|Any CPU = Release|Any CPU
	EndGlobalSection
	GlobalSection(ProjectConfigurationPlatforms) = postSolution
		{C5EB9E51-4565-4C98-8B51-524612C7B039}.Debug|Any CPU.ActiveCfg = Debug|Any CPU
		{C5EB9E51-4565-4C98-8B51-524612C7B039}.Debug|Any CPU.Build.0 = Debug|Any CPU
		{C5EB9E51-4565-4C98-8B51-524612C7B039}.Release|Any CPU.ActiveCfg = Release|Any CPU
		{C5EB9E51-4565-4C98-8B51-524612C7B039}.Release|Any CPU.Build.0 = Release|Any CPU
	EndGlobalSection
	GlobalSection(SolutionProperties) = preSolution
		HideSolutionNode = FALSE
	EndGlobalSection
	GlobalSection(ExtensibilityGlobals) = postSolution
		SolutionGuid = {19F80F27-21AC-4212-ACC2-76666132AE27}
	EndGlobalSection
EndGlobal
